// !$*UTF8*$!
{
	archiveVersion = 1;
	classes = {
	};
	objectVersion = 46;
	objects = {

/* Begin PBXBuildFile section */
		19E2FA0D172815C300366707 /* packet.c in Sources */ = {isa = PBXBuildFile; fileRef = 19EC5EC41727CD5400C0BB92 /* packet.c */; };
		19E2FA11172815C300366707 /* net.c in Sources */ = {isa = PBXBuildFile; fileRef = 19EC5ED91727CE5100C0BB92 /* net.c */; };
		19E2FA12172815C300366707 /* utils.c in Sources */ = {isa = PBXBuildFile; fileRef = 19EC5EDB1727CE5100C0BB92 /* utils.c */; };
		19E2FA1A172815E000366707 /* sendmsg.c in Sources */ = {isa = PBXBuildFile; fileRef = 19E2FA061728159900366707 /* sendmsg.c */; };
		19EC5ECD1727CD5400C0BB92 /* connection.c in Sources */ = {isa = PBXBuildFile; fileRef = 19EC5EBA1727CD5400C0BB92 /* connection.c */; };
		19EC5ECE1727CD5400C0BB92 /* idcache.c in Sources */ = {isa = PBXBuildFile; fileRef = 19EC5EBC1727CD5400C0BB92 /* idcache.c */; };
		19EC5ED11727CD5400C0BB92 /* meshy.c in Sources */ = {isa = PBXBuildFile; fileRef = 19EC5EC31727CD5400C0BB92 /* meshy.c */; };
		19EC5ED21727CD5400C0BB92 /* packet.c in Sources */ = {isa = PBXBuildFile; fileRef = 19EC5EC41727CD5400C0BB92 /* packet.c */; };
		19EC5ED31727CD5400C0BB92 /* receiver.c in Sources */ = {isa = PBXBuildFile; fileRef = 19EC5EC61727CD5400C0BB92 /* receiver.c */; };
		19EC5ED41727CD5400C0BB92 /* sender.c in Sources */ = {isa = PBXBuildFile; fileRef = 19EC5EC81727CD5400C0BB92 /* sender.c */; };
		19EC5ED61727CD5400C0BB92 /* sendq.c in Sources */ = {isa = PBXBuildFile; fileRef = 19EC5ECB1727CD5400C0BB92 /* sendq.c */; };
		19EC5EDD1727CE5100C0BB92 /* net.c in Sources */ = {isa = PBXBuildFile; fileRef = 19EC5ED91727CE5100C0BB92 /* net.c */; };
		19EC5EDE1727CE5100C0BB92 /* utils.c in Sources */ = {isa = PBXBuildFile; fileRef = 19EC5EDB1727CE5100C0BB92 /* utils.c */; };
		65F48463172C45CA00044146 /* routing.c in Sources */ = {isa = PBXBuildFile; fileRef = 65F48461172C45CA00044146 /* routing.c */; };
/* End PBXBuildFile section */

/* Begin PBXCopyFilesBuildPhase section */
		19E2FA14172815C300366707 /* CopyFiles */ = {
			isa = PBXCopyFilesBuildPhase;
			buildActionMask = 2147483647;
			dstPath = /usr/share/man/man1/;
			dstSubfolderSpec = 0;
			files = (
			);
			runOnlyForDeploymentPostprocessing = 1;
		};
		19EC5EAB1727CD0C00C0BB92 /* CopyFiles */ = {
			isa = PBXCopyFilesBuildPhase;
			buildActionMask = 2147483647;
			dstPath = /usr/share/man/man1/;
			dstSubfolderSpec = 0;
			files = (
			);
			runOnlyForDeploymentPostprocessing = 1;
		};
/* End PBXCopyFilesBuildPhase section */

/* Begin PBXFileReference section */
		19E2FA061728159900366707 /* sendmsg.c */ = {isa = PBXFileReference; fileEncoding = 4; lastKnownFileType = sourcecode.c.c; path = sendmsg.c; sourceTree = "<group>"; };
		19E2FA18172815C300366707 /* sendmsg */ = {isa = PBXFileReference; explicitFileType = "compiled.mach-o.executable"; includeInIndex = 0; path = sendmsg; sourceTree = BUILT_PRODUCTS_DIR; };
		19EC5EAD1727CD0C00C0BB92 /* Meshy */ = {isa = PBXFileReference; explicitFileType = "compiled.mach-o.executable"; includeInIndex = 0; name = Meshy; path = meshy; sourceTree = BUILT_PRODUCTS_DIR; };
		19EC5EBA1727CD5400C0BB92 /* connection.c */ = {isa = PBXFileReference; fileEncoding = 4; lastKnownFileType = sourcecode.c.c; path = connection.c; sourceTree = "<group>"; };
		19EC5EBB1727CD5400C0BB92 /* connection.h */ = {isa = PBXFileReference; fileEncoding = 4; lastKnownFileType = sourcecode.c.h; path = connection.h; sourceTree = "<group>"; };
		19EC5EBC1727CD5400C0BB92 /* idcache.c */ = {isa = PBXFileReference; fileEncoding = 4; lastKnownFileType = sourcecode.c.c; path = idcache.c; sourceTree = "<group>"; };
		19EC5EBD1727CD5400C0BB92 /* idcache.h */ = {isa = PBXFileReference; fileEncoding = 4; lastKnownFileType = sourcecode.c.h; path = idcache.h; sourceTree = "<group>"; };
		19EC5EC31727CD5400C0BB92 /* meshy.c */ = {isa = PBXFileReference; fileEncoding = 4; lastKnownFileType = sourcecode.c.c; path = meshy.c; sourceTree = "<group>"; };
		19EC5EC41727CD5400C0BB92 /* packet.c */ = {isa = PBXFileReference; fileEncoding = 4; lastKnownFileType = sourcecode.c.c; path = packet.c; sourceTree = "<group>"; };
		19EC5EC51727CD5400C0BB92 /* packet.h */ = {isa = PBXFileReference; fileEncoding = 4; lastKnownFileType = sourcecode.c.h; path = packet.h; sourceTree = "<group>"; };
		19EC5EC61727CD5400C0BB92 /* receiver.c */ = {isa = PBXFileReference; fileEncoding = 4; lastKnownFileType = sourcecode.c.c; path = receiver.c; sourceTree = "<group>"; };
		19EC5EC71727CD5400C0BB92 /* receiver.h */ = {isa = PBXFileReference; fileEncoding = 4; lastKnownFileType = sourcecode.c.h; path = receiver.h; sourceTree = "<group>"; };
		19EC5EC81727CD5400C0BB92 /* sender.c */ = {isa = PBXFileReference; fileEncoding = 4; lastKnownFileType = sourcecode.c.c; path = sender.c; sourceTree = "<group>"; };
		19EC5EC91727CD5400C0BB92 /* sender.h */ = {isa = PBXFileReference; fileEncoding = 4; lastKnownFileType = sourcecode.c.h; path = sender.h; sourceTree = "<group>"; };
		19EC5ECB1727CD5400C0BB92 /* sendq.c */ = {isa = PBXFileReference; fileEncoding = 4; lastKnownFileType = sourcecode.c.c; path = sendq.c; sourceTree = "<group>"; };
		19EC5ECC1727CD5400C0BB92 /* sendq.h */ = {isa = PBXFileReference; fileEncoding = 4; lastKnownFileType = sourcecode.c.h; path = sendq.h; sourceTree = "<group>"; };
		19EC5ED81727CE5100C0BB92 /* list.h */ = {isa = PBXFileReference; fileEncoding = 4; lastKnownFileType = sourcecode.c.h; name = list.h; path = lib/list.h; sourceTree = "<group>"; };
		19EC5ED91727CE5100C0BB92 /* net.c */ = {isa = PBXFileReference; fileEncoding = 4; lastKnownFileType = sourcecode.c.c; name = net.c; path = lib/net.c; sourceTree = "<group>"; };
		19EC5EDA1727CE5100C0BB92 /* net.h */ = {isa = PBXFileReference; fileEncoding = 4; lastKnownFileType = sourcecode.c.h; name = net.h; path = lib/net.h; sourceTree = "<group>"; };
		19EC5EDB1727CE5100C0BB92 /* utils.c */ = {isa = PBXFileReference; fileEncoding = 4; lastKnownFileType = sourcecode.c.c; name = utils.c; path = lib/utils.c; sourceTree = "<group>"; };
		19EC5EDC1727CE5100C0BB92 /* utils.h */ = {isa = PBXFileReference; fileEncoding = 4; lastKnownFileType = sourcecode.c.h; name = utils.h; path = lib/utils.h; sourceTree = "<group>"; };
		65F48461172C45CA00044146 /* routing.c */ = {isa = PBXFileReference; fileEncoding = 4; lastKnownFileType = sourcecode.c.c; path = routing.c; sourceTree = "<group>"; };
		65F48462172C45CA00044146 /* routing.h */ = {isa = PBXFileReference; fileEncoding = 4; lastKnownFileType = sourcecode.c.h; path = routing.h; sourceTree = "<group>"; };
/* End PBXFileReference section */

/* Begin PBXFrameworksBuildPhase section */
		19E2FA13172815C300366707 /* Frameworks */ = {
			isa = PBXFrameworksBuildPhase;
			buildActionMask = 2147483647;
			files = (
			);
			runOnlyForDeploymentPostprocessing = 0;
		};
		19EC5EAA1727CD0C00C0BB92 /* Frameworks */ = {
			isa = PBXFrameworksBuildPhase;
			buildActionMask = 2147483647;
			files = (
			);
			runOnlyForDeploymentPostprocessing = 0;
		};
/* End PBXFrameworksBuildPhase section */

/* Begin PBXGroup section */
		19EC5EA21727CD0C00C0BB92 = {
			isa = PBXGroup;
			children = (
				19EC5EB01727CD0C00C0BB92 /* meshy */,
				19EC5EAE1727CD0C00C0BB92 /* Products */,
			);
			sourceTree = "<group>";
		};
		19EC5EAE1727CD0C00C0BB92 /* Products */ = {
			isa = PBXGroup;
			children = (
				19EC5EAD1727CD0C00C0BB92 /* Meshy */,
				19E2FA18172815C300366707 /* sendmsg */,
			);
			name = Products;
			sourceTree = "<group>";
		};
		19EC5EB01727CD0C00C0BB92 /* meshy */ = {
			isa = PBXGroup;
			children = (
				65F48461172C45CA00044146 /* routing.c */,
				65F48462172C45CA00044146 /* routing.h */,
				19E2FA061728159900366707 /* sendmsg.c */,
				19EC5EBA1727CD5400C0BB92 /* connection.c */,
				19EC5EBB1727CD5400C0BB92 /* connection.h */,
				19EC5EBC1727CD5400C0BB92 /* idcache.c */,
				19EC5EBD1727CD5400C0BB92 /* idcache.h */,
				19EC5ED71727CD9B00C0BB92 /* lib */,
				19EC5EC31727CD5400C0BB92 /* meshy.c */,
				19EC5EC41727CD5400C0BB92 /* packet.c */,
				19EC5EC51727CD5400C0BB92 /* packet.h */,
				19EC5EC61727CD5400C0BB92 /* receiver.c */,
				19EC5EC71727CD5400C0BB92 /* receiver.h */,
				19EC5EC81727CD5400C0BB92 /* sender.c */,
				19EC5EC91727CD5400C0BB92 /* sender.h */,
				19EC5ECB1727CD5400C0BB92 /* sendq.c */,
				19EC5ECC1727CD5400C0BB92 /* sendq.h */,
			);
			name = meshy;
			path = src;
			sourceTree = "<group>";
		};
		19EC5ED71727CD9B00C0BB92 /* lib */ = {
			isa = PBXGroup;
			children = (
				19EC5ED81727CE5100C0BB92 /* list.h */,
				19EC5ED91727CE5100C0BB92 /* net.c */,
				19EC5EDA1727CE5100C0BB92 /* net.h */,
				19EC5EDB1727CE5100C0BB92 /* utils.c */,
				19EC5EDC1727CE5100C0BB92 /* utils.h */,
			);
			name = lib;
			sourceTree = "<group>";
		};
/* End PBXGroup section */

/* Begin PBXNativeTarget section */
		19E2FA08172815C300366707 /* sendmsg */ = {
			isa = PBXNativeTarget;
			buildConfigurationList = 19E2FA15172815C300366707 /* Build configuration list for PBXNativeTarget "sendmsg" */;
			buildPhases = (
				19E2FA09172815C300366707 /* Sources */,
				19E2FA13172815C300366707 /* Frameworks */,
				19E2FA14172815C300366707 /* CopyFiles */,
			);
			buildRules = (
			);
			dependencies = (
			);
			name = sendmsg;
			productName = Meshy;
			productReference = 19E2FA18172815C300366707 /* sendmsg */;
			productType = "com.apple.product-type.tool";
		};
		19EC5EAC1727CD0C00C0BB92 /* meshy */ = {
			isa = PBXNativeTarget;
			buildConfigurationList = 19EC5EB71727CD0C00C0BB92 /* Build configuration list for PBXNativeTarget "meshy" */;
			buildPhases = (
				19EC5EA91727CD0C00C0BB92 /* Sources */,
				19EC5EAA1727CD0C00C0BB92 /* Frameworks */,
				19EC5EAB1727CD0C00C0BB92 /* CopyFiles */,
			);
			buildRules = (
			);
			dependencies = (
			);
			name = meshy;
			productName = Meshy;
			productReference = 19EC5EAD1727CD0C00C0BB92 /* Meshy */;
			productType = "com.apple.product-type.tool";
		};
/* End PBXNativeTarget section */

/* Begin PBXProject section */
		19EC5EA41727CD0C00C0BB92 /* Project object */ = {
			isa = PBXProject;
			attributes = {
				LastUpgradeCheck = 0450;
				ORGANIZATIONNAME = "Daniel Ritz";
			};
			buildConfigurationList = 19EC5EA71727CD0C00C0BB92 /* Build configuration list for PBXProject "Meshy" */;
			compatibilityVersion = "Xcode 3.2";
			developmentRegion = English;
			hasScannedForEncodings = 0;
			knownRegions = (
				en,
			);
			mainGroup = 19EC5EA21727CD0C00C0BB92;
			productRefGroup = 19EC5EAE1727CD0C00C0BB92 /* Products */;
			projectDirPath = "";
			projectRoot = "";
			targets = (
				19EC5EAC1727CD0C00C0BB92 /* meshy */,
				19E2FA08172815C300366707 /* sendmsg */,
			);
		};
/* End PBXProject section */

/* Begin PBXSourcesBuildPhase section */
		19E2FA09172815C300366707 /* Sources */ = {
			isa = PBXSourcesBuildPhase;
			buildActionMask = 2147483647;
			files = (
				19E2FA1A172815E000366707 /* sendmsg.c in Sources */,
				19E2FA0D172815C300366707 /* packet.c in Sources */,
				19E2FA11172815C300366707 /* net.c in Sources */,
				19E2FA12172815C300366707 /* utils.c in Sources */,
			);
			runOnlyForDeploymentPostprocessing = 0;
		};
		19EC5EA91727CD0C00C0BB92 /* Sources */ = {
			isa = PBXSourcesBuildPhase;
			buildActionMask = 2147483647;
			files = (
				19EC5ECD1727CD5400C0BB92 /* connection.c in Sources */,
				19EC5ECE1727CD5400C0BB92 /* idcache.c in Sources */,
				19EC5ED11727CD5400C0BB92 /* meshy.c in Sources */,
				19EC5ED21727CD5400C0BB92 /* packet.c in Sources */,
				19EC5ED31727CD5400C0BB92 /* receiver.c in Sources */,
				19EC5ED41727CD5400C0BB92 /* sender.c in Sources */,
				19EC5ED61727CD5400C0BB92 /* sendq.c in Sources */,
				19EC5EDD1727CE5100C0BB92 /* net.c in Sources */,
				19EC5EDE1727CE5100C0BB92 /* utils.c in Sources */,
				65F48463172C45CA00044146 /* routing.c in Sources */,
			);
			runOnlyForDeploymentPostprocessing = 0;
		};
/* End PBXSourcesBuildPhase section */

/* Begin XCBuildConfiguration section */
		19E2FA16172815C300366707 /* Debug */ = {
			isa = XCBuildConfiguration;
			buildSettings = {
				PRODUCT_NAME = sendmsg;
			};
			name = Debug;
		};
		19E2FA17172815C300366707 /* Release */ = {
			isa = XCBuildConfiguration;
			buildSettings = {
				PRODUCT_NAME = sendmsg;
			};
			name = Release;
		};
		19EC5EB51727CD0C00C0BB92 /* Debug */ = {
			isa = XCBuildConfiguration;
			buildSettings = {
				ALWAYS_SEARCH_USER_PATHS = NO;
				ARCHS = "$(ARCHS_STANDARD_64_BIT)";
				CLANG_CXX_LANGUAGE_STANDARD = "gnu++0x";
				CLANG_CXX_LIBRARY = "libc++";
				CLANG_WARN_EMPTY_BODY = YES;
				CLANG_WARN__DUPLICATE_METHOD_MATCH = YES;
				COPY_PHASE_STRIP = NO;
				GCC_C_LANGUAGE_STANDARD = gnu99;
				GCC_DYNAMIC_NO_PIC = NO;
				GCC_ENABLE_OBJC_EXCEPTIONS = YES;
				GCC_OPTIMIZATION_LEVEL = 0;
				GCC_PREPROCESSOR_DEFINITIONS = (
					"DEBUG=1",
					"$(inherited)",
				);
				GCC_SYMBOLS_PRIVATE_EXTERN = NO;
				GCC_WARN_64_TO_32_BIT_CONVERSION = YES;
				GCC_WARN_ABOUT_RETURN_TYPE = YES;
				GCC_WARN_UNINITIALIZED_AUTOS = YES;
				GCC_WARN_UNUSED_VARIABLE = YES;
				MACOSX_DEPLOYMENT_TARGET = 10.7;
				ONLY_ACTIVE_ARCH = YES;
				SDKROOT = macosx;
			};
			name = Debug;
		};
		19EC5EB61727CD0C00C0BB92 /* Release */ = {
			isa = XCBuildConfiguration;
			buildSettings = {
				ALWAYS_SEARCH_USER_PATHS = NO;
				ARCHS = "$(ARCHS_STANDARD_64_BIT)";
				CLANG_CXX_LANGUAGE_STANDARD = "gnu++0x";
				CLANG_CXX_LIBRARY = "libc++";
				CLANG_WARN_EMPTY_BODY = YES;
				CLANG_WARN__DUPLICATE_METHOD_MATCH = YES;
				COPY_PHASE_STRIP = YES;
				DEBUG_INFORMATION_FORMAT = "dwarf-with-dsym";
				GCC_C_LANGUAGE_STANDARD = gnu99;
				GCC_ENABLE_OBJC_EXCEPTIONS = YES;
				GCC_WARN_64_TO_32_BIT_CONVERSION = YES;
				GCC_WARN_ABOUT_RETURN_TYPE = YES;
				GCC_WARN_UNINITIALIZED_AUTOS = YES;
				GCC_WARN_UNUSED_VARIABLE = YES;
				MACOSX_DEPLOYMENT_TARGET = 10.7;
				SDKROOT = macosx;
			};
			name = Release;
		};
		19EC5EB81727CD0C00C0BB92 /* Debug */ = {
			isa = XCBuildConfiguration;
			buildSettings = {
				PRODUCT_NAME = "$(TARGET_NAME)";
			};
			name = Debug;
		};
		19EC5EB91727CD0C00C0BB92 /* Release */ = {
			isa = XCBuildConfiguration;
			buildSettings = {
				PRODUCT_NAME = "$(TARGET_NAME)";
			};
			name = Release;
		};
/* End XCBuildConfiguration section */

/* Begin XCConfigurationList section */
		19E2FA15172815C300366707 /* Build configuration list for PBXNativeTarget "sendmsg" */ = {
			isa = XCConfigurationList;
			buildConfigurations = (
				19E2FA16172815C300366707 /* Debug */,
				19E2FA17172815C300366707 /* Release */,
			);
			defaultConfigurationIsVisible = 0;
			defaultConfigurationName = Release;
		};
		19EC5EA71727CD0C00C0BB92 /* Build configuration list for PBXProject "Meshy" */ = {
			isa = XCConfigurationList;
			buildConfigurations = (
				19EC5EB51727CD0C00C0BB92 /* Debug */,
				19EC5EB61727CD0C00C0BB92 /* Release */,
			);
			defaultConfigurationIsVisible = 0;
			defaultConfigurationName = Release;
		};
		19EC5EB71727CD0C00C0BB92 /* Build configuration list for PBXNativeTarget "meshy" */ = {
			isa = XCConfigurationList;
			buildConfigurations = (
				19EC5EB81727CD0C00C0BB92 /* Debug */,
				19EC5EB91727CD0C00C0BB92 /* Release */,
			);
			defaultConfigurationIsVisible = 0;
			defaultConfigurationName = Release;
		};
/* End XCConfigurationList section */
	};
	rootObject = 19EC5EA41727CD0C00C0BB92 /* Project object */;
}
